
Microsoft Visual Studio Solution File, Format Version 12.00
# Visual Studio Version 17
VisualStudioVersion = 17.5.002.0
MinimumVisualStudioVersion = 10.0.40219.1
Project("{9A19103F-16F7-4668-BE54-9A1E7A4F7556}") = "03_CookiesCookbook", "03_CookiesCookbook.csproj", "{721A9BC8-5CD8-44F9-9F55-E696BD1366C4}"
EndProject
Global
	GlobalSection(SolutionConfigurationPlatforms) = preSolution
		Debug|Any CPU = Debug|Any CPU
		Release|Any CPU = Release|Any CPU
	EndGlobalSection
	GlobalSection(ProjectConfigurationPlatforms) = postSolution
		{721A9BC8-5CD8-44F9-9F55-E696BD1366C4}.Debug|Any CPU.ActiveCfg = Debug|Any CPU
		{721A9BC8-5CD8-44F9-9F55-E696BD1366C4}.Debug|Any CPU.Build.0 = Debug|Any CPU
		{721A9BC8-5CD8-44F9-9F55-E696BD1366C4}.Release|Any CPU.ActiveCfg = Release|Any CPU
		{721A9BC8-5CD8-44F9-9F55-E696BD1366C4}.Release|Any CPU.Build.0 = Release|Any CPU
	EndGlobalSection
	GlobalSection(SolutionProperties) = preSolution
		HideSolutionNode = FALSE
	EndGlobalSection
	GlobalSection(ExtensibilityGlobals) = postSolution
		SolutionGuid = {C3630D63-CB35-4521-B734-7ECDB7DBA851}
	EndGlobalSection
EndGlobal
